
Microsoft Visual Studio Solution File, Format Version 12.00
# Visual Studio Version 17
VisualStudioVersion = 17.1.32210.238
MinimumVisualStudioVersion = 10.0.40219.1
Project("{9A19103F-16F7-4668-BE54-9A1E7A4F7556}") = "TestOnlineProject.API", "TestOnlineProject.API\TestOnlineProject.API.csproj", "{184BA61B-5B8D-456E-BD55-D36093DA9423}"
EndProject
Project("{9A19103F-16F7-4668-BE54-9A1E7A4F7556}") = "TestOnlineProject.Infrastructure", "TestOnlineProject.Infrastructure\TestOnlineProject.Infrastructure.csproj", "{A84C9A24-DE71-460E-A01F-4113EFECAE87}"
EndProject
Project("{9A19103F-16F7-4668-BE54-9A1E7A4F7556}") = "TestOnlineProject.Domain", "TestOnlineProject.Domain\TestOnlineProject.Domain.csproj", "{860A06B4-A2FB-43BF-B554-9CCFFCBB60B4}"
EndProject
Project("{9A19103F-16F7-4668-BE54-9A1E7A4F7556}") = "TestOnlineProject.Application", "TestOnlineProject.Application\TestOnlineProject.Application.csproj", "{352BF4C2-59E5-4CB6-8D06-FE813E6F9035}"
EndProject
Global
	GlobalSection(SolutionConfigurationPlatforms) = preSolution
		Debug|Any CPU = Debug|Any CPU
		Release|Any CPU = Release|Any CPU
	EndGlobalSection
	GlobalSection(ProjectConfigurationPlatforms) = postSolution
		{184BA61B-5B8D-456E-BD55-D36093DA9423}.Debug|Any CPU.ActiveCfg = Debug|Any CPU
		{184BA61B-5B8D-456E-BD55-D36093DA9423}.Debug|Any CPU.Build.0 = Debug|Any CPU
		{184BA61B-5B8D-456E-BD55-D36093DA9423}.Release|Any CPU.ActiveCfg = Release|Any CPU
		{184BA61B-5B8D-456E-BD55-D36093DA9423}.Release|Any CPU.Build.0 = Release|Any CPU
		{A84C9A24-DE71-460E-A01F-4113EFECAE87}.Debug|Any CPU.ActiveCfg = Debug|Any CPU
		{A84C9A24-DE71-460E-A01F-4113EFECAE87}.Debug|Any CPU.Build.0 = Debug|Any CPU
		{A84C9A24-DE71-460E-A01F-4113EFECAE87}.Release|Any CPU.ActiveCfg = Release|Any CPU
		{A84C9A24-DE71-460E-A01F-4113EFECAE87}.Release|Any CPU.Build.0 = Release|Any CPU
		{860A06B4-A2FB-43BF-B554-9CCFFCBB60B4}.Debug|Any CPU.ActiveCfg = Debug|Any CPU
		{860A06B4-A2FB-43BF-B554-9CCFFCBB60B4}.Debug|Any CPU.Build.0 = Debug|Any CPU
		{860A06B4-A2FB-43BF-B554-9CCFFCBB60B4}.Release|Any CPU.ActiveCfg = Release|Any CPU
		{860A06B4-A2FB-43BF-B554-9CCFFCBB60B4}.Release|Any CPU.Build.0 = Release|Any CPU
		{352BF4C2-59E5-4CB6-8D06-FE813E6F9035}.Debug|Any CPU.ActiveCfg = Debug|Any CPU
		{352BF4C2-59E5-4CB6-8D06-FE813E6F9035}.Debug|Any CPU.Build.0 = Debug|Any CPU
		{352BF4C2-59E5-4CB6-8D06-FE813E6F9035}.Release|Any CPU.ActiveCfg = Release|Any CPU
		{352BF4C2-59E5-4CB6-8D06-FE813E6F9035}.Release|Any CPU.Build.0 = Release|Any CPU
	EndGlobalSection
	GlobalSection(SolutionProperties) = preSolution
		HideSolutionNode = FALSE
	EndGlobalSection
	GlobalSection(ExtensibilityGlobals) = postSolution
		SolutionGuid = {2534EAD5-CD37-4849-9CFE-68AB590576D4}
	EndGlobalSection
EndGlobal
